
Microsoft Visual Studio Solution File, Format Version 12.00
# Visual Studio Version 17
VisualStudioVersion = 17.14.36603.0 d17.14
MinimumVisualStudioVersion = 10.0.40219.1
Project("{FAE04EC0-301F-11D3-BF4B-00C04F79EFBC}") = "TaskManagerServer", "TaskManagerServer\TaskManagerServer.csproj", "{28857466-5405-47B5-B83C-DDE6E93B963B}"
EndProject
Project("{FAE04EC0-301F-11D3-BF4B-00C04F79EFBC}") = "WinFormsApp1", "WinFormsApp1\WinFormsApp1.csproj", "{8BF13394-2F2F-448C-99A8-9D4B89E3FB26}"
EndProject
Global
	GlobalSection(SolutionConfigurationPlatforms) = preSolution
		Debug|Any CPU = Debug|Any CPU
		Release|Any CPU = Release|Any CPU
	EndGlobalSection
	GlobalSection(ProjectConfigurationPlatforms) = postSolution
		{28857466-5405-47B5-B83C-DDE6E93B963B}.Debug|Any CPU.ActiveCfg = Debug|Any CPU
		{28857466-5405-47B5-B83C-DDE6E93B963B}.Debug|Any CPU.Build.0 = Debug|Any CPU
		{28857466-5405-47B5-B83C-DDE6E93B963B}.Release|Any CPU.ActiveCfg = Release|Any CPU
		{28857466-5405-47B5-B83C-DDE6E93B963B}.Release|Any CPU.Build.0 = Release|Any CPU
		{8BF13394-2F2F-448C-99A8-9D4B89E3FB26}.Debug|Any CPU.ActiveCfg = Debug|Any CPU
		{8BF13394-2F2F-448C-99A8-9D4B89E3FB26}.Debug|Any CPU.Build.0 = Debug|Any CPU
		{8BF13394-2F2F-448C-99A8-9D4B89E3FB26}.Release|Any CPU.ActiveCfg = Release|Any CPU
		{8BF13394-2F2F-448C-99A8-9D4B89E3FB26}.Release|Any CPU.Build.0 = Release|Any CPU
	EndGlobalSection
	GlobalSection(SolutionProperties) = preSolution
		HideSolutionNode = FALSE
	EndGlobalSection
	GlobalSection(ExtensibilityGlobals) = postSolution
		SolutionGuid = {13FBE81B-E34C-44BB-93B1-45A354AC3FAF}
	EndGlobalSection
EndGlobal
